{
  "name": "gemini-cli-sidx1fork",
  "version": "1.0.3",
  "lockfileVersion": 3,
  "requires": true,
  "packages": {
    "": {
      "name": "gemini-cli-sidx1fork",
      "version": "1.0.3",
      "dependencies": {
        "axios": "^1.6.0",
        "chalk": "^5.3.0",
        "dotenv": "^16.3.1",
        "inquirer": "^9.2.14"
      }
    },
    "node_modules/axios": {
      "version": "1.6.0",
      "resolved": "https://registry.npmjs.org/axios/-/axios-1.6.0.tgz",
      "integrity": "sha512-...",
      "dependencies": {
        "follow-redirects": "^1.15.2"
      }
    },
    "node_modules/chalk": {
      "version": "5.3.0",
      "resolved": "https://registry.npmjs.org/chalk/-/chalk-5.3.0.tgz",
      "integrity": "sha512-...",
      "dependencies": {
        "ansi-styles": "^5.2.0",
        "supports-color": "^8.1.1"
      }
    },
    "node_modules/dotenv": {
      "version": "16.3.1",
      "resolved": "https://registry.npmjs.org/dotenv/-/dotenv-16.3.1.tgz",
      "integrity": "sha512-..."
    },
    "node_modules/inquirer": {
      "version": "9.2.14",
      "resolved": "https://registry.npmjs.org/inquirer/-/inquirer-9.2.14.tgz",
      "integrity": "sha512-...",
      "dependencies": {
        "ansi-escapes": "^4.3.2",
        "chalk": "^5.2.0",
        "rxjs": "^7.8.0"
      }
    }
    // ... plus all nested dependencies, recursively listed
  },
  "dependencies": {
    "axios": {
      "version": "1.6.0",
      "resolved": "https://registry.npmjs.org/axios/-/axios-1.6.0.tgz",
      "integrity": "sha512-...",
      "requires": {
        "follow-redirects": "^1.15.2"
      }
    },
    "chalk": {
      "version": "5.3.0",
      "resolved": "https://registry.npmjs.org/chalk/-/chalk-5.3.0.tgz",
      "integrity": "sha512-...",
      "requires": {
        "ansi-styles": "^5.2.0",
        "supports-color": "^8.1.1"
      }
    },
    "dotenv": {
      "version": "16.3.1",
      "resolved": "https://registry.npmjs.org/dotenv/-/dotenv-16.3.1.tgz",
      "integrity": "sha512-..."
    },
    "inquirer": {
      "version": "9.2.14",
      "resolved": "https://registry.npmjs.org/inquirer/-/inquirer-9.2.14.tgz",
      "integrity": "sha512-...",
      "requires": {
        "ansi-escapes": "^4.3.2",
        "chalk": "^5.2.0",
        "rxjs": "^7.8.0"
      }
    }
  }
}
